
Microsoft Visual Studio Solution File, Format Version 12.00
# Visual Studio Version 17
VisualStudioVersion = 17.0.31912.275
MinimumVisualStudioVersion = 10.0.40219.1
Project("{9A19103F-16F7-4668-BE54-9A1E7A4F7556}") = "UPC.Bagueteria.Domain", "UPC.Bagueteria.Domain\UPC.Bagueteria.Domain.csproj", "{C4C2178C-4E56-4F27-800B-34E9B072CCC9}"
EndProject
Project("{9A19103F-16F7-4668-BE54-9A1E7A4F7556}") = "UPC.Bagueteria.Infra.Dao", "UPC.Bagueteria.Infra.Dao\UPC.Bagueteria.Infra.Dao.csproj", "{2CC08F1C-2B1A-4FBA-AA2B-9AC069678432}"
EndProject
Project("{9A19103F-16F7-4668-BE54-9A1E7A4F7556}") = "UPC.Bagueteria.API", "UPC.Bagueteria.API\UPC.Bagueteria.API.csproj", "{B0EA9EF1-A558-495E-B466-9821CA68CCBD}"
EndProject
Global
	GlobalSection(SolutionConfigurationPlatforms) = preSolution
		Debug|Any CPU = Debug|Any CPU
		Release|Any CPU = Release|Any CPU
	EndGlobalSection
	GlobalSection(ProjectConfigurationPlatforms) = postSolution
		{C4C2178C-4E56-4F27-800B-34E9B072CCC9}.Debug|Any CPU.ActiveCfg = Debug|Any CPU
		{C4C2178C-4E56-4F27-800B-34E9B072CCC9}.Debug|Any CPU.Build.0 = Debug|Any CPU
		{C4C2178C-4E56-4F27-800B-34E9B072CCC9}.Release|Any CPU.ActiveCfg = Release|Any CPU
		{C4C2178C-4E56-4F27-800B-34E9B072CCC9}.Release|Any CPU.Build.0 = Release|Any CPU
		{2CC08F1C-2B1A-4FBA-AA2B-9AC069678432}.Debug|Any CPU.ActiveCfg = Debug|Any CPU
		{2CC08F1C-2B1A-4FBA-AA2B-9AC069678432}.Debug|Any CPU.Build.0 = Debug|Any CPU
		{2CC08F1C-2B1A-4FBA-AA2B-9AC069678432}.Release|Any CPU.ActiveCfg = Release|Any CPU
		{2CC08F1C-2B1A-4FBA-AA2B-9AC069678432}.Release|Any CPU.Build.0 = Release|Any CPU
		{B0EA9EF1-A558-495E-B466-9821CA68CCBD}.Debug|Any CPU.ActiveCfg = Debug|Any CPU
		{B0EA9EF1-A558-495E-B466-9821CA68CCBD}.Debug|Any CPU.Build.0 = Debug|Any CPU
		{B0EA9EF1-A558-495E-B466-9821CA68CCBD}.Release|Any CPU.ActiveCfg = Release|Any CPU
		{B0EA9EF1-A558-495E-B466-9821CA68CCBD}.Release|Any CPU.Build.0 = Release|Any CPU
	EndGlobalSection
	GlobalSection(SolutionProperties) = preSolution
		HideSolutionNode = FALSE
	EndGlobalSection
	GlobalSection(ExtensibilityGlobals) = postSolution
		SolutionGuid = {6B52D314-F323-4258-8C71-2392FE2F4D40}
	EndGlobalSection
EndGlobal
